// !$*UTF8*$!
{
	archiveVersion = 1;
	classes = {
	};
	objectVersion = 56;
	objects = {

/* Begin PBXBuildFile section */
		937EADA62CA474BB00EA7301 /* MapKit.framework in Frameworks */ = {isa = PBXBuildFile; fileRef = 937EADA52CA474BB00EA7301 /* MapKit.framework */; };
		9388134D2C9857AF000E56AD /* Auth in Frameworks */ = {isa = PBXBuildFile; productRef = 9388134C2C9857AF000E56AD /* Auth */; };
		9388134F2C9857AF000E56AD /* Functions in Frameworks */ = {isa = PBXBuildFile; productRef = 9388134E2C9857AF000E56AD /* Functions */; };
		938813512C9857AF000E56AD /* PostgREST in Frameworks */ = {isa = PBXBuildFile; productRef = 938813502C9857AF000E56AD /* PostgREST */; };
		938813532C9857AF000E56AD /* Realtime in Frameworks */ = {isa = PBXBuildFile; productRef = 938813522C9857AF000E56AD /* Realtime */; };
		938813552C9857AF000E56AD /* Storage in Frameworks */ = {isa = PBXBuildFile; productRef = 938813542C9857AF000E56AD /* Storage */; };
		938813572C9857DC000E56AD /* Supabase.swift in Sources */ = {isa = PBXBuildFile; fileRef = 938813562C9857DC000E56AD /* Supabase.swift */; };
		93B556BA2C98599D004DBBFD /* Supabase in Frameworks */ = {isa = PBXBuildFile; productRef = 93B556B92C98599D004DBBFD /* Supabase */; };
		93B556BC2C985A9D004DBBFD /* SignUpView.swift in Sources */ = {isa = PBXBuildFile; fileRef = 93B556BB2C985A9D004DBBFD /* SignUpView.swift */; };
		93B556BF2C99ED6A004DBBFD /* SignInView.swift in Sources */ = {isa = PBXBuildFile; fileRef = 93B556BE2C99ED6A004DBBFD /* SignInView.swift */; };
		93B556C12C9B2B95004DBBFD /* HomeView.swift in Sources */ = {isa = PBXBuildFile; fileRef = 93B556C02C9B2B95004DBBFD /* HomeView.swift */; };
		93DD1B092C982E180018E21E /* xploreApp.swift in Sources */ = {isa = PBXBuildFile; fileRef = 93DD1B082C982E180018E21E /* xploreApp.swift */; };
		93DD1B0B2C982E180018E21E /* ContentView.swift in Sources */ = {isa = PBXBuildFile; fileRef = 93DD1B0A2C982E180018E21E /* ContentView.swift */; };
		93DD1B0D2C982E190018E21E /* Assets.xcassets in Resources */ = {isa = PBXBuildFile; fileRef = 93DD1B0C2C982E190018E21E /* Assets.xcassets */; };
		93DD1B102C982E190018E21E /* Preview Assets.xcassets in Resources */ = {isa = PBXBuildFile; fileRef = 93DD1B0F2C982E190018E21E /* Preview Assets.xcassets */; };
		93DD1B1A2C982E190018E21E /* xploreTests.swift in Sources */ = {isa = PBXBuildFile; fileRef = 93DD1B192C982E190018E21E /* xploreTests.swift */; };
		93DD1B242C982E190018E21E /* xploreUITests.swift in Sources */ = {isa = PBXBuildFile; fileRef = 93DD1B232C982E190018E21E /* xploreUITests.swift */; };
		93DD1B262C982E190018E21E /* xploreUITestsLaunchTests.swift in Sources */ = {isa = PBXBuildFile; fileRef = 93DD1B252C982E190018E21E /* xploreUITestsLaunchTests.swift */; };
/* End PBXBuildFile section */

/* Begin PBXContainerItemProxy section */
		93DD1B162C982E190018E21E /* PBXContainerItemProxy */ = {
			isa = PBXContainerItemProxy;
			containerPortal = 93DD1AFD2C982E180018E21E /* Project object */;
			proxyType = 1;
			remoteGlobalIDString = 93DD1B042C982E180018E21E;
			remoteInfo = xplore;
		};
		93DD1B202C982E190018E21E /* PBXContainerItemProxy */ = {
			isa = PBXContainerItemProxy;
			containerPortal = 93DD1AFD2C982E180018E21E /* Project object */;
			proxyType = 1;
			remoteGlobalIDString = 93DD1B042C982E180018E21E;
			remoteInfo = xplore;
		};
/* End PBXContainerItemProxy section */

/* Begin PBXFileReference section */
		937EADA52CA474BB00EA7301 /* MapKit.framework */ = {isa = PBXFileReference; lastKnownFileType = wrapper.framework; name = MapKit.framework; path = System/Library/Frameworks/MapKit.framework; sourceTree = SDKROOT; };
		938813562C9857DC000E56AD /* Supabase.swift */ = {isa = PBXFileReference; lastKnownFileType = sourcecode.swift; path = Supabase.swift; sourceTree = "<group>"; };
		93B556BB2C985A9D004DBBFD /* SignUpView.swift */ = {isa = PBXFileReference; lastKnownFileType = sourcecode.swift; path = SignUpView.swift; sourceTree = "<group>"; };
		93B556BD2C99BA24004DBBFD /* Info.plist */ = {isa = PBXFileReference; lastKnownFileType = text.plist; path = Info.plist; sourceTree = "<group>"; };
		93B556BE2C99ED6A004DBBFD /* SignInView.swift */ = {isa = PBXFileReference; lastKnownFileType = sourcecode.swift; path = SignInView.swift; sourceTree = "<group>"; };
		93B556C02C9B2B95004DBBFD /* HomeView.swift */ = {isa = PBXFileReference; lastKnownFileType = sourcecode.swift; path = HomeView.swift; sourceTree = "<group>"; };
		93DD1B052C982E180018E21E /* xplore.app */ = {isa = PBXFileReference; explicitFileType = wrapper.application; includeInIndex = 0; path = xplore.app; sourceTree = BUILT_PRODUCTS_DIR; };
		93DD1B082C982E180018E21E /* xploreApp.swift */ = {isa = PBXFileReference; lastKnownFileType = sourcecode.swift; path = xploreApp.swift; sourceTree = "<group>"; };
		93DD1B0A2C982E180018E21E /* ContentView.swift */ = {isa = PBXFileReference; lastKnownFileType = sourcecode.swift; path = ContentView.swift; sourceTree = "<group>"; };
		93DD1B0C2C982E190018E21E /* Assets.xcassets */ = {isa = PBXFileReference; lastKnownFileType = folder.assetcatalog; path = Assets.xcassets; sourceTree = "<group>"; };
		93DD1B0F2C982E190018E21E /* Preview Assets.xcassets */ = {isa = PBXFileReference; lastKnownFileType = folder.assetcatalog; path = "Preview Assets.xcassets"; sourceTree = "<group>"; };
		93DD1B152C982E190018E21E /* xploreTests.xctest */ = {isa = PBXFileReference; explicitFileType = wrapper.cfbundle; includeInIndex = 0; path = xploreTests.xctest; sourceTree = BUILT_PRODUCTS_DIR; };
		93DD1B192C982E190018E21E /* xploreTests.swift */ = {isa = PBXFileReference; lastKnownFileType = sourcecode.swift; path = xploreTests.swift; sourceTree = "<group>"; };
		93DD1B1F2C982E190018E21E /* xploreUITests.xctest */ = {isa = PBXFileReference; explicitFileType = wrapper.cfbundle; includeInIndex = 0; path = xploreUITests.xctest; sourceTree = BUILT_PRODUCTS_DIR; };
		93DD1B232C982E190018E21E /* xploreUITests.swift */ = {isa = PBXFileReference; lastKnownFileType = sourcecode.swift; path = xploreUITests.swift; sourceTree = "<group>"; };
		93DD1B252C982E190018E21E /* xploreUITestsLaunchTests.swift */ = {isa = PBXFileReference; lastKnownFileType = sourcecode.swift; path = xploreUITestsLaunchTests.swift; sourceTree = "<group>"; };
/* End PBXFileReference section */

/* Begin PBXFrameworksBuildPhase section */
		93DD1B022C982E180018E21E /* Frameworks */ = {
			isa = PBXFrameworksBuildPhase;
			buildActionMask = 2147483647;
			files = (
				938813512C9857AF000E56AD /* PostgREST in Frameworks */,
				9388134F2C9857AF000E56AD /* Functions in Frameworks */,
				93B556BA2C98599D004DBBFD /* Supabase in Frameworks */,
				9388134D2C9857AF000E56AD /* Auth in Frameworks */,
				937EADA62CA474BB00EA7301 /* MapKit.framework in Frameworks */,
				938813552C9857AF000E56AD /* Storage in Frameworks */,
				938813532C9857AF000E56AD /* Realtime in Frameworks */,
			);
			runOnlyForDeploymentPostprocessing = 0;
		};
		93DD1B122C982E190018E21E /* Frameworks */ = {
			isa = PBXFrameworksBuildPhase;
			buildActionMask = 2147483647;
			files = (
			);
			runOnlyForDeploymentPostprocessing = 0;
		};
		93DD1B1C2C982E190018E21E /* Frameworks */ = {
			isa = PBXFrameworksBuildPhase;
			buildActionMask = 2147483647;
			files = (
			);
			runOnlyForDeploymentPostprocessing = 0;
		};
/* End PBXFrameworksBuildPhase section */

/* Begin PBXGroup section */
		937EADA42CA474BA00EA7301 /* Frameworks */ = {
			isa = PBXGroup;
			children = (
				937EADA52CA474BB00EA7301 /* MapKit.framework */,
			);
			name = Frameworks;
			sourceTree = "<group>";
		};
		93DD1AFC2C982E180018E21E = {
			isa = PBXGroup;
			children = (
				93DD1B072C982E180018E21E /* xplore */,
				93DD1B182C982E190018E21E /* xploreTests */,
				93DD1B222C982E190018E21E /* xploreUITests */,
				93DD1B062C982E180018E21E /* Products */,
				937EADA42CA474BA00EA7301 /* Frameworks */,
			);
			sourceTree = "<group>";
		};
		93DD1B062C982E180018E21E /* Products */ = {
			isa = PBXGroup;
			children = (
				93DD1B052C982E180018E21E /* xplore.app */,
				93DD1B152C982E190018E21E /* xploreTests.xctest */,
				93DD1B1F2C982E190018E21E /* xploreUITests.xctest */,
			);
			name = Products;
			sourceTree = "<group>";
		};
		93DD1B072C982E180018E21E /* xplore */ = {
			isa = PBXGroup;
			children = (
				93B556BD2C99BA24004DBBFD /* Info.plist */,
				93DD1B0A2C982E180018E21E /* ContentView.swift */,
				93B556BE2C99ED6A004DBBFD /* SignInView.swift */,
				93B556C02C9B2B95004DBBFD /* HomeView.swift */,
				93B556BB2C985A9D004DBBFD /* SignUpView.swift */,
				938813562C9857DC000E56AD /* Supabase.swift */,
				93DD1B082C982E180018E21E /* xploreApp.swift */,
				93DD1B0C2C982E190018E21E /* Assets.xcassets */,
				93DD1B0E2C982E190018E21E /* Preview Content */,
			);
			path = xplore;
			sourceTree = "<group>";
		};
		93DD1B0E2C982E190018E21E /* Preview Content */ = {
			isa = PBXGroup;
			children = (
				93DD1B0F2C982E190018E21E /* Preview Assets.xcassets */,
			);
			path = "Preview Content";
			sourceTree = "<group>";
		};
		93DD1B182C982E190018E21E /* xploreTests */ = {
			isa = PBXGroup;
			children = (
				93DD1B192C982E190018E21E /* xploreTests.swift */,
			);
			path = xploreTests;
			sourceTree = "<group>";
		};
		93DD1B222C982E190018E21E /* xploreUITests */ = {
			isa = PBXGroup;
			children = (
				93DD1B232C982E190018E21E /* xploreUITests.swift */,
				93DD1B252C982E190018E21E /* xploreUITestsLaunchTests.swift */,
			);
			path = xploreUITests;
			sourceTree = "<group>";
		};
/* End PBXGroup section */

/* Begin PBXNativeTarget section */
		93DD1B042C982E180018E21E /* xplore */ = {
			isa = PBXNativeTarget;
			buildConfigurationList = 93DD1B292C982E190018E21E /* Build configuration list for PBXNativeTarget "xplore" */;
			buildPhases = (
				93DD1B012C982E180018E21E /* Sources */,
				93DD1B022C982E180018E21E /* Frameworks */,
				93DD1B032C982E180018E21E /* Resources */,
			);
			buildRules = (
			);
			dependencies = (
			);
			name = xplore;
			packageProductDependencies = (
				9388134C2C9857AF000E56AD /* Auth */,
				9388134E2C9857AF000E56AD /* Functions */,
				938813502C9857AF000E56AD /* PostgREST */,
				938813522C9857AF000E56AD /* Realtime */,
				938813542C9857AF000E56AD /* Storage */,
				93B556B92C98599D004DBBFD /* Supabase */,
			);
			productName = xplore;
			productReference = 93DD1B052C982E180018E21E /* xplore.app */;
			productType = "com.apple.product-type.application";
		};
		93DD1B142C982E190018E21E /* xploreTests */ = {
			isa = PBXNativeTarget;
			buildConfigurationList = 93DD1B2C2C982E190018E21E /* Build configuration list for PBXNativeTarget "xploreTests" */;
			buildPhases = (
				93DD1B112C982E190018E21E /* Sources */,
				93DD1B122C982E190018E21E /* Frameworks */,
				93DD1B132C982E190018E21E /* Resources */,
			);
			buildRules = (
			);
			dependencies = (
				93DD1B172C982E190018E21E /* PBXTargetDependency */,
			);
			name = xploreTests;
			productName = xploreTests;
			productReference = 93DD1B152C982E190018E21E /* xploreTests.xctest */;
			productType = "com.apple.product-type.bundle.unit-test";
		};
		93DD1B1E2C982E190018E21E /* xploreUITests */ = {
			isa = PBXNativeTarget;
			buildConfigurationList = 93DD1B2F2C982E190018E21E /* Build configuration list for PBXNativeTarget "xploreUITests" */;
			buildPhases = (
				93DD1B1B2C982E190018E21E /* Sources */,
				93DD1B1C2C982E190018E21E /* Frameworks */,
				93DD1B1D2C982E190018E21E /* Resources */,
			);
			buildRules = (
			);
			dependencies = (
				93DD1B212C982E190018E21E /* PBXTargetDependency */,
			);
			name = xploreUITests;
			productName = xploreUITests;
			productReference = 93DD1B1F2C982E190018E21E /* xploreUITests.xctest */;
			productType = "com.apple.product-type.bundle.ui-testing";
		};
/* End PBXNativeTarget section */

/* Begin PBXProject section */
		93DD1AFD2C982E180018E21E /* Project object */ = {
			isa = PBXProject;
			attributes = {
				BuildIndependentTargetsInParallel = 1;
				LastSwiftUpdateCheck = 1540;
				LastUpgradeCheck = 1540;
				TargetAttributes = {
					93DD1B042C982E180018E21E = {
						CreatedOnToolsVersion = 15.4;
					};
					93DD1B142C982E190018E21E = {
						CreatedOnToolsVersion = 15.4;
						TestTargetID = 93DD1B042C982E180018E21E;
					};
					93DD1B1E2C982E190018E21E = {
						CreatedOnToolsVersion = 15.4;
						TestTargetID = 93DD1B042C982E180018E21E;
					};
				};
			};
			buildConfigurationList = 93DD1B002C982E180018E21E /* Build configuration list for PBXProject "xplore" */;
			compatibilityVersion = "Xcode 14.0";
			developmentRegion = en;
			hasScannedForEncodings = 0;
			knownRegions = (
				en,
				Base,
			);
			mainGroup = 93DD1AFC2C982E180018E21E;
			packageReferences = (
				9388134B2C9857AF000E56AD /* XCRemoteSwiftPackageReference "supabase-swift" */,
			);
			productRefGroup = 93DD1B062C982E180018E21E /* Products */;
			projectDirPath = "";
			projectRoot = "";
			targets = (
				93DD1B042C982E180018E21E /* xplore */,
				93DD1B142C982E190018E21E /* xploreTests */,
				93DD1B1E2C982E190018E21E /* xploreUITests */,
			);
		};
/* End PBXProject section */

/* Begin PBXResourcesBuildPhase section */
		93DD1B032C982E180018E21E /* Resources */ = {
			isa = PBXResourcesBuildPhase;
			buildActionMask = 2147483647;
			files = (
				93DD1B102C982E190018E21E /* Preview Assets.xcassets in Resources */,
				93DD1B0D2C982E190018E21E /* Assets.xcassets in Resources */,
			);
			runOnlyForDeploymentPostprocessing = 0;
		};
		93DD1B132C982E190018E21E /* Resources */ = {
			isa = PBXResourcesBuildPhase;
			buildActionMask = 2147483647;
			files = (
			);
			runOnlyForDeploymentPostprocessing = 0;
		};
		93DD1B1D2C982E190018E21E /* Resources */ = {
			isa = PBXResourcesBuildPhase;
			buildActionMask = 2147483647;
			files = (
			);
			runOnlyForDeploymentPostprocessing = 0;
		};
/* End PBXResourcesBuildPhase section */

/* Begin PBXSourcesBuildPhase section */
		93DD1B012C982E180018E21E /* Sources */ = {
			isa = PBXSourcesBuildPhase;
			buildActionMask = 2147483647;
			files = (
				938813572C9857DC000E56AD /* Supabase.swift in Sources */,
				93DD1B0B2C982E180018E21E /* ContentView.swift in Sources */,
				93B556BC2C985A9D004DBBFD /* SignUpView.swift in Sources */,
				93B556C12C9B2B95004DBBFD /* HomeView.swift in Sources */,
				93DD1B092C982E180018E21E /* xploreApp.swift in Sources */,
				93B556BF2C99ED6A004DBBFD /* SignInView.swift in Sources */,
			);
			runOnlyForDeploymentPostprocessing = 0;
		};
		93DD1B112C982E190018E21E /* Sources */ = {
			isa = PBXSourcesBuildPhase;
			buildActionMask = 2147483647;
			files = (
				93DD1B1A2C982E190018E21E /* xploreTests.swift in Sources */,
			);
			runOnlyForDeploymentPostprocessing = 0;
		};
		93DD1B1B2C982E190018E21E /* Sources */ = {
			isa = PBXSourcesBuildPhase;
			buildActionMask = 2147483647;
			files = (
				93DD1B262C982E190018E21E /* xploreUITestsLaunchTests.swift in Sources */,
				93DD1B242C982E190018E21E /* xploreUITests.swift in Sources */,
			);
			runOnlyForDeploymentPostprocessing = 0;
		};
/* End PBXSourcesBuildPhase section */

/* Begin PBXTargetDependency section */
		93DD1B172C982E190018E21E /* PBXTargetDependency */ = {
			isa = PBXTargetDependency;
			target = 93DD1B042C982E180018E21E /* xplore */;
			targetProxy = 93DD1B162C982E190018E21E /* PBXContainerItemProxy */;
		};
		93DD1B212C982E190018E21E /* PBXTargetDependency */ = {
			isa = PBXTargetDependency;
			target = 93DD1B042C982E180018E21E /* xplore */;
			targetProxy = 93DD1B202C982E190018E21E /* PBXContainerItemProxy */;
		};
/* End PBXTargetDependency section */

/* Begin XCBuildConfiguration section */
		93DD1B272C982E190018E21E /* Debug */ = {
			isa = XCBuildConfiguration;
			buildSettings = {
				ALWAYS_SEARCH_USER_PATHS = NO;
				ASSETCATALOG_COMPILER_GENERATE_SWIFT_ASSET_SYMBOL_EXTENSIONS = YES;
				CLANG_ANALYZER_NONNULL = YES;
				CLANG_ANALYZER_NUMBER_OBJECT_CONVERSION = YES_AGGRESSIVE;
				CLANG_CXX_LANGUAGE_STANDARD = "gnu++20";
				CLANG_ENABLE_MODULES = YES;
				CLANG_ENABLE_OBJC_ARC = YES;
				CLANG_ENABLE_OBJC_WEAK = YES;
				CLANG_WARN_BLOCK_CAPTURE_AUTORELEASING = YES;
				CLANG_WARN_BOOL_CONVERSION = YES;
				CLANG_WARN_COMMA = YES;
				CLANG_WARN_CONSTANT_CONVERSION = YES;
				CLANG_WARN_DEPRECATED_OBJC_IMPLEMENTATIONS = YES;
				CLANG_WARN_DIRECT_OBJC_ISA_USAGE = YES_ERROR;
				CLANG_WARN_DOCUMENTATION_COMMENTS = YES;
				CLANG_WARN_EMPTY_BODY = YES;
				CLANG_WARN_ENUM_CONVERSION = YES;
				CLANG_WARN_INFINITE_RECURSION = YES;
				CLANG_WARN_INT_CONVERSION = YES;
				CLANG_WARN_NON_LITERAL_NULL_CONVERSION = YES;
				CLANG_WARN_OBJC_IMPLICIT_RETAIN_SELF = YES;
				CLANG_WARN_OBJC_LITERAL_CONVERSION = YES;
				CLANG_WARN_OBJC_ROOT_CLASS = YES_ERROR;
				CLANG_WARN_QUOTED_INCLUDE_IN_FRAMEWORK_HEADER = YES;
				CLANG_WARN_RANGE_LOOP_ANALYSIS = YES;
				CLANG_WARN_STRICT_PROTOTYPES = YES;
				CLANG_WARN_SUSPICIOUS_MOVE = YES;
				CLANG_WARN_UNGUARDED_AVAILABILITY = YES_AGGRESSIVE;
				CLANG_WARN_UNREACHABLE_CODE = YES;
				CLANG_WARN__DUPLICATE_METHOD_MATCH = YES;
				COPY_PHASE_STRIP = NO;
				DEBUG_INFORMATION_FORMAT = dwarf;
				ENABLE_STRICT_OBJC_MSGSEND = YES;
				ENABLE_TESTABILITY = YES;
				ENABLE_USER_SCRIPT_SANDBOXING = YES;
				GCC_C_LANGUAGE_STANDARD = gnu17;
				GCC_DYNAMIC_NO_PIC = NO;
				GCC_NO_COMMON_BLOCKS = YES;
				GCC_OPTIMIZATION_LEVEL = 0;
				GCC_PREPROCESSOR_DEFINITIONS = (
					"DEBUG=1",
					"$(inherited)",
				);
				GCC_WARN_64_TO_32_BIT_CONVERSION = YES;
				GCC_WARN_ABOUT_RETURN_TYPE = YES_ERROR;
				GCC_WARN_UNDECLARED_SELECTOR = YES;
				GCC_WARN_UNINITIALIZED_AUTOS = YES_AGGRESSIVE;
				GCC_WARN_UNUSED_FUNCTION = YES;
				GCC_WARN_UNUSED_VARIABLE = YES;
				IPHONEOS_DEPLOYMENT_TARGET = 17.5;
				LOCALIZATION_PREFERS_STRING_CATALOGS = YES;
				MTL_ENABLE_DEBUG_INFO = INCLUDE_SOURCE;
				MTL_FAST_MATH = YES;
				ONLY_ACTIVE_ARCH = YES;
				SDKROOT = iphoneos;
				SWIFT_ACTIVE_COMPILATION_CONDITIONS = "DEBUG $(inherited)";
				SWIFT_OPTIMIZATION_LEVEL = "-Onone";
			};
			name = Debug;
		};
		93DD1B282C982E190018E21E /* Release */ = {
			isa = XCBuildConfiguration;
			buildSettings = {
				ALWAYS_SEARCH_USER_PATHS = NO;
				ASSETCATALOG_COMPILER_GENERATE_SWIFT_ASSET_SYMBOL_EXTENSIONS = YES;
				CLANG_ANALYZER_NONNULL = YES;
				CLANG_ANALYZER_NUMBER_OBJECT_CONVERSION = YES_AGGRESSIVE;
				CLANG_CXX_LANGUAGE_STANDARD = "gnu++20";
				CLANG_ENABLE_MODULES = YES;
				CLANG_ENABLE_OBJC_ARC = YES;
				CLANG_ENABLE_OBJC_WEAK = YES;
				CLANG_WARN_BLOCK_CAPTURE_AUTORELEASING = YES;
				CLANG_WARN_BOOL_CONVERSION = YES;
				CLANG_WARN_COMMA = YES;
				CLANG_WARN_CONSTANT_CONVERSION = YES;
				CLANG_WARN_DEPRECATED_OBJC_IMPLEMENTATIONS = YES;
				CLANG_WARN_DIRECT_OBJC_ISA_USAGE = YES_ERROR;
				CLANG_WARN_DOCUMENTATION_COMMENTS = YES;
				CLANG_WARN_EMPTY_BODY = YES;
				CLANG_WARN_ENUM_CONVERSION = YES;
				CLANG_WARN_INFINITE_RECURSION = YES;
				CLANG_WARN_INT_CONVERSION = YES;
				CLANG_WARN_NON_LITERAL_NULL_CONVERSION = YES;
				CLANG_WARN_OBJC_IMPLICIT_RETAIN_SELF = YES;
				CLANG_WARN_OBJC_LITERAL_CONVERSION = YES;
				CLANG_WARN_OBJC_ROOT_CLASS = YES_ERROR;
				CLANG_WARN_QUOTED_INCLUDE_IN_FRAMEWORK_HEADER = YES;
				CLANG_WARN_RANGE_LOOP_ANALYSIS = YES;
				CLANG_WARN_STRICT_PROTOTYPES = YES;
				CLANG_WARN_SUSPICIOUS_MOVE = YES;
				CLANG_WARN_UNGUARDED_AVAILABILITY = YES_AGGRESSIVE;
				CLANG_WARN_UNREACHABLE_CODE = YES;
				CLANG_WARN__DUPLICATE_METHOD_MATCH = YES;
				COPY_PHASE_STRIP = NO;
				DEBUG_INFORMATION_FORMAT = "dwarf-with-dsym";
				ENABLE_NS_ASSERTIONS = NO;
				ENABLE_STRICT_OBJC_MSGSEND = YES;
				ENABLE_USER_SCRIPT_SANDBOXING = YES;
				GCC_C_LANGUAGE_STANDARD = gnu17;
				GCC_NO_COMMON_BLOCKS = YES;
				GCC_WARN_64_TO_32_BIT_CONVERSION = YES;
				GCC_WARN_ABOUT_RETURN_TYPE = YES_ERROR;
				GCC_WARN_UNDECLARED_SELECTOR = YES;
				GCC_WARN_UNINITIALIZED_AUTOS = YES_AGGRESSIVE;
				GCC_WARN_UNUSED_FUNCTION = YES;
				GCC_WARN_UNUSED_VARIABLE = YES;
				IPHONEOS_DEPLOYMENT_TARGET = 17.5;
				LOCALIZATION_PREFERS_STRING_CATALOGS = YES;
				MTL_ENABLE_DEBUG_INFO = NO;
				MTL_FAST_MATH = YES;
				SDKROOT = iphoneos;
				SWIFT_COMPILATION_MODE = wholemodule;
				VALIDATE_PRODUCT = YES;
			};
			name = Release;
		};
		93DD1B2A2C982E190018E21E /* Debug */ = {
			isa = XCBuildConfiguration;
			buildSettings = {
				ASSETCATALOG_COMPILER_APPICON_NAME = AppIcon;
				ASSETCATALOG_COMPILER_GLOBAL_ACCENT_COLOR_NAME = AccentColor;
				CODE_SIGN_STYLE = Automatic;
				CURRENT_PROJECT_VERSION = 1;
				DEVELOPMENT_ASSET_PATHS = "\"xplore/Preview Content\"";
				DEVELOPMENT_TEAM = BLRGT8T56R;
				ENABLE_PREVIEWS = YES;
				GENERATE_INFOPLIST_FILE = YES;
				INFOPLIST_FILE = xplore/Info.plist;
				INFOPLIST_KEY_UIApplicationSceneManifest_Generation = YES;
				INFOPLIST_KEY_UIApplicationSupportsIndirectInputEvents = YES;
				INFOPLIST_KEY_UILaunchScreen_Generation = YES;
				INFOPLIST_KEY_UISupportedInterfaceOrientations_iPad = "UIInterfaceOrientationPortrait UIInterfaceOrientationPortraitUpsideDown UIInterfaceOrientationLandscapeLeft UIInterfaceOrientationLandscapeRight";
				INFOPLIST_KEY_UISupportedInterfaceOrientations_iPhone = "UIInterfaceOrientationPortrait UIInterfaceOrientationLandscapeLeft UIInterfaceOrientationLandscapeRight";
				LD_RUNPATH_SEARCH_PATHS = (
					"$(inherited)",
					"@executable_path/Frameworks",
				);
				MARKETING_VERSION = 1.0;
				PRODUCT_BUNDLE_IDENTIFIER = com.example.xplore;
				PRODUCT_NAME = "$(TARGET_NAME)";
				SWIFT_EMIT_LOC_STRINGS = YES;
				SWIFT_VERSION = 5.0;
				TARGETED_DEVICE_FAMILY = "1,2";
			};
			name = Debug;
		};
		93DD1B2B2C982E190018E21E /* Release */ = {
			isa = XCBuildConfiguration;
			buildSettings = {
				ASSETCATALOG_COMPILER_APPICON_NAME = AppIcon;
				ASSETCATALOG_COMPILER_GLOBAL_ACCENT_COLOR_NAME = AccentColor;
				CODE_SIGN_STYLE = Automatic;
				CURRENT_PROJECT_VERSION = 1;
				DEVELOPMENT_ASSET_PATHS = "\"xplore/Preview Content\"";
				DEVELOPMENT_TEAM = BLRGT8T56R;
				ENABLE_PREVIEWS = YES;
				GENERATE_INFOPLIST_FILE = YES;
				INFOPLIST_FILE = xplore/Info.plist;
				INFOPLIST_KEY_UIApplicationSceneManifest_Generation = YES;
				INFOPLIST_KEY_UIApplicationSupportsIndirectInputEvents = YES;
				INFOPLIST_KEY_UILaunchScreen_Generation = YES;
				INFOPLIST_KEY_UISupportedInterfaceOrientations_iPad = "UIInterfaceOrientationPortrait UIInterfaceOrientationPortraitUpsideDown UIInterfaceOrientationLandscapeLeft UIInterfaceOrientationLandscapeRight";
				INFOPLIST_KEY_UISupportedInterfaceOrientations_iPhone = "UIInterfaceOrientationPortrait UIInterfaceOrientationLandscapeLeft UIInterfaceOrientationLandscapeRight";
				LD_RUNPATH_SEARCH_PATHS = (
					"$(inherited)",
					"@executable_path/Frameworks",
				);
				MARKETING_VERSION = 1.0;
				PRODUCT_BUNDLE_IDENTIFIER = com.example.xplore;
				PRODUCT_NAME = "$(TARGET_NAME)";
				SWIFT_EMIT_LOC_STRINGS = YES;
				SWIFT_VERSION = 5.0;
				TARGETED_DEVICE_FAMILY = "1,2";
			};
			name = Release;
		};
		93DD1B2D2C982E190018E21E /* Debug */ = {
			isa = XCBuildConfiguration;
			buildSettings = {
				ALWAYS_EMBED_SWIFT_STANDARD_LIBRARIES = YES;
				BUNDLE_LOADER = "$(TEST_HOST)";
				CODE_SIGN_STYLE = Automatic;
				CURRENT_PROJECT_VERSION = 1;
				DEVELOPMENT_TEAM = BLRGT8T56R;
				GENERATE_INFOPLIST_FILE = YES;
				IPHONEOS_DEPLOYMENT_TARGET = 17.5;
				MARKETING_VERSION = 1.0;
				PRODUCT_BUNDLE_IDENTIFIER = com.example.xploreTests;
				PRODUCT_NAME = "$(TARGET_NAME)";
				SWIFT_EMIT_LOC_STRINGS = NO;
				SWIFT_VERSION = 5.0;
				TARGETED_DEVICE_FAMILY = "1,2";
				TEST_HOST = "$(BUILT_PRODUCTS_DIR)/xplore.app/$(BUNDLE_EXECUTABLE_FOLDER_PATH)/xplore";
			};
			name = Debug;
		};
		93DD1B2E2C982E190018E21E /* Release */ = {
			isa = XCBuildConfiguration;
			buildSettings = {
				ALWAYS_EMBED_SWIFT_STANDARD_LIBRARIES = YES;
				BUNDLE_LOADER = "$(TEST_HOST)";
				CODE_SIGN_STYLE = Automatic;
				CURRENT_PROJECT_VERSION = 1;
				DEVELOPMENT_TEAM = BLRGT8T56R;
				GENERATE_INFOPLIST_FILE = YES;
				IPHONEOS_DEPLOYMENT_TARGET = 17.5;
				MARKETING_VERSION = 1.0;
				PRODUCT_BUNDLE_IDENTIFIER = com.example.xploreTests;
				PRODUCT_NAME = "$(TARGET_NAME)";
				SWIFT_EMIT_LOC_STRINGS = NO;
				SWIFT_VERSION = 5.0;
				TARGETED_DEVICE_FAMILY = "1,2";
				TEST_HOST = "$(BUILT_PRODUCTS_DIR)/xplore.app/$(BUNDLE_EXECUTABLE_FOLDER_PATH)/xplore";
			};
			name = Release;
		};
		93DD1B302C982E190018E21E /* Debug */ = {
			isa = XCBuildConfiguration;
			buildSettings = {
				ALWAYS_EMBED_SWIFT_STANDARD_LIBRARIES = YES;
				CODE_SIGN_STYLE = Automatic;
				CURRENT_PROJECT_VERSION = 1;
				DEVELOPMENT_TEAM = BLRGT8T56R;
				GENERATE_INFOPLIST_FILE = YES;
				MARKETING_VERSION = 1.0;
				PRODUCT_BUNDLE_IDENTIFIER = com.example.xploreUITests;
				PRODUCT_NAME = "$(TARGET_NAME)";
				SWIFT_EMIT_LOC_STRINGS = NO;
				SWIFT_VERSION = 5.0;
				TARGETED_DEVICE_FAMILY = "1,2";
				TEST_TARGET_NAME = xplore;
			};
			name = Debug;
		};
		93DD1B312C982E190018E21E /* Release */ = {
			isa = XCBuildConfiguration;
			buildSettings = {
				ALWAYS_EMBED_SWIFT_STANDARD_LIBRARIES = YES;
				CODE_SIGN_STYLE = Automatic;
				CURRENT_PROJECT_VERSION = 1;
				DEVELOPMENT_TEAM = BLRGT8T56R;
				GENERATE_INFOPLIST_FILE = YES;
				MARKETING_VERSION = 1.0;
				PRODUCT_BUNDLE_IDENTIFIER = com.example.xploreUITests;
				PRODUCT_NAME = "$(TARGET_NAME)";
				SWIFT_EMIT_LOC_STRINGS = NO;
				SWIFT_VERSION = 5.0;
				TARGETED_DEVICE_FAMILY = "1,2";
				TEST_TARGET_NAME = xplore;
			};
			name = Release;
		};
/* End XCBuildConfiguration section */

/* Begin XCConfigurationList section */
		93DD1B002C982E180018E21E /* Build configuration list for PBXProject "xplore" */ = {
			isa = XCConfigurationList;
			buildConfigurations = (
				93DD1B272C982E190018E21E /* Debug */,
				93DD1B282C982E190018E21E /* Release */,
			);
			defaultConfigurationIsVisible = 0;
			defaultConfigurationName = Release;
		};
		93DD1B292C982E190018E21E /* Build configuration list for PBXNativeTarget "xplore" */ = {
			isa = XCConfigurationList;
			buildConfigurations = (
				93DD1B2A2C982E190018E21E /* Debug */,
				93DD1B2B2C982E190018E21E /* Release */,
			);
			defaultConfigurationIsVisible = 0;
			defaultConfigurationName = Release;
		};
		93DD1B2C2C982E190018E21E /* Build configuration list for PBXNativeTarget "xploreTests" */ = {
			isa = XCConfigurationList;
			buildConfigurations = (
				93DD1B2D2C982E190018E21E /* Debug */,
				93DD1B2E2C982E190018E21E /* Release */,
			);
			defaultConfigurationIsVisible = 0;
			defaultConfigurationName = Release;
		};
		93DD1B2F2C982E190018E21E /* Build configuration list for PBXNativeTarget "xploreUITests" */ = {
			isa = XCConfigurationList;
			buildConfigurations = (
				93DD1B302C982E190018E21E /* Debug */,
				93DD1B312C982E190018E21E /* Release */,
			);
			defaultConfigurationIsVisible = 0;
			defaultConfigurationName = Release;
		};
/* End XCConfigurationList section */

/* Begin XCRemoteSwiftPackageReference section */
		9388134B2C9857AF000E56AD /* XCRemoteSwiftPackageReference "supabase-swift" */ = {
			isa = XCRemoteSwiftPackageReference;
			repositoryURL = "https://github.com/supabase/supabase-swift";
			requirement = {
				kind = upToNextMajorVersion;
				minimumVersion = 2.5.1;
			};
		};
/* End XCRemoteSwiftPackageReference section */

/* Begin XCSwiftPackageProductDependency section */
		9388134C2C9857AF000E56AD /* Auth */ = {
			isa = XCSwiftPackageProductDependency;
			package = 9388134B2C9857AF000E56AD /* XCRemoteSwiftPackageReference "supabase-swift" */;
			productName = Auth;
		};
		9388134E2C9857AF000E56AD /* Functions */ = {
			isa = XCSwiftPackageProductDependency;
			package = 9388134B2C9857AF000E56AD /* XCRemoteSwiftPackageReference "supabase-swift" */;
			productName = Functions;
		};
		938813502C9857AF000E56AD /* PostgREST */ = {
			isa = XCSwiftPackageProductDependency;
			package = 9388134B2C9857AF000E56AD /* XCRemoteSwiftPackageReference "supabase-swift" */;
			productName = PostgREST;
		};
		938813522C9857AF000E56AD /* Realtime */ = {
			isa = XCSwiftPackageProductDependency;
			package = 9388134B2C9857AF000E56AD /* XCRemoteSwiftPackageReference "supabase-swift" */;
			productName = Realtime;
		};
		938813542C9857AF000E56AD /* Storage */ = {
			isa = XCSwiftPackageProductDependency;
			package = 9388134B2C9857AF000E56AD /* XCRemoteSwiftPackageReference "supabase-swift" */;
			productName = Storage;
		};
		93B556B92C98599D004DBBFD /* Supabase */ = {
			isa = XCSwiftPackageProductDependency;
			package = 9388134B2C9857AF000E56AD /* XCRemoteSwiftPackageReference "supabase-swift" */;
			productName = Supabase;
		};
/* End XCSwiftPackageProductDependency section */
	};
	rootObject = 93DD1AFD2C982E180018E21E /* Project object */;
}
